
Microsoft Visual Studio Solution File, Format Version 12.00
# Visual Studio Version 17
VisualStudioVersion = 17.8.34330.188
MinimumVisualStudioVersion = 10.0.40219.1
Project("{FAE04EC0-301F-11D3-BF4B-00C04F79EFBC}") = "HardwareShop", "HardwareShop\HardwareShop.csproj", "{480EEDAF-C71D-4B9A-BEC1-9E6C54C8846B}"
EndProject
Global
	GlobalSection(SolutionConfigurationPlatforms) = preSolution
		Debug|Any CPU = Debug|Any CPU
		Release|Any CPU = Release|Any CPU
	EndGlobalSection
	GlobalSection(ProjectConfigurationPlatforms) = postSolution
		{480EEDAF-C71D-4B9A-BEC1-9E6C54C8846B}.Debug|Any CPU.ActiveCfg = Debug|Any CPU
		{480EEDAF-C71D-4B9A-BEC1-9E6C54C8846B}.Debug|Any CPU.Build.0 = Debug|Any CPU
		{480EEDAF-C71D-4B9A-BEC1-9E6C54C8846B}.Release|Any CPU.ActiveCfg = Release|Any CPU
		{480EEDAF-C71D-4B9A-BEC1-9E6C54C8846B}.Release|Any CPU.Build.0 = Release|Any CPU
	EndGlobalSection
	GlobalSection(SolutionProperties) = preSolution
		HideSolutionNode = FALSE
	EndGlobalSection
	GlobalSection(ExtensibilityGlobals) = postSolution
		SolutionGuid = {FDDA5B7E-8923-4270-813C-CF237C4C5777}
	EndGlobalSection
EndGlobal
